
Microsoft Visual Studio Solution File, Format Version 12.00
# Visual Studio Version 17
VisualStudioVersion = 17.6.33829.357
MinimumVisualStudioVersion = 10.0.40219.1
Project("{9A19103F-16F7-4668-BE54-9A1E7A4F7556}") = "AgricHub.API", "AgricHub\AgricHub.API.csproj", "{9F8DD60F-6863-402E-BB59-0A9728B0559D}"
EndProject
Project("{9A19103F-16F7-4668-BE54-9A1E7A4F7556}") = "AgricHub.DAL", "AgricHub.DAL\AgricHub.DAL.csproj", "{5E4AC031-00CE-490E-9701-B1002907C716}"
EndProject
Project("{9A19103F-16F7-4668-BE54-9A1E7A4F7556}") = "AgricHub.BLL", "AgricHub.BLL\AgricHub.BLL.csproj", "{0CD8A944-E932-4266-A24A-1D1B1DA461FB}"
EndProject
Project("{9A19103F-16F7-4668-BE54-9A1E7A4F7556}") = "AgricHub.Presentation", "AgricHub.Presentation\AgricHub.Presentation.csproj", "{223E0EE8-83E6-46CA-B646-59A19981AC94}"
EndProject
Project("{9A19103F-16F7-4668-BE54-9A1E7A4F7556}") = "AgricHub.Contracts", "AgricHub.Contracts\AgricHub.Contracts.csproj", "{6DD932AA-A894-41AD-907A-A4EFE7727D8B}"
EndProject
Project("{FAE04EC0-301F-11D3-BF4B-00C04F79EFBC}") = "AgricHub.Shared", "AgricHub.Shared\AgricHub.Shared.csproj", "{248E12CB-20ED-4ED2-8B72-AA7805CDB657}"
EndProject
Global
	GlobalSection(SolutionConfigurationPlatforms) = preSolution
		Debug|Any CPU = Debug|Any CPU
		Release|Any CPU = Release|Any CPU
	EndGlobalSection
	GlobalSection(ProjectConfigurationPlatforms) = postSolution
		{9F8DD60F-6863-402E-BB59-0A9728B0559D}.Debug|Any CPU.ActiveCfg = Debug|Any CPU
		{9F8DD60F-6863-402E-BB59-0A9728B0559D}.Debug|Any CPU.Build.0 = Debug|Any CPU
		{9F8DD60F-6863-402E-BB59-0A9728B0559D}.Release|Any CPU.ActiveCfg = Release|Any CPU
		{9F8DD60F-6863-402E-BB59-0A9728B0559D}.Release|Any CPU.Build.0 = Release|Any CPU
		{5E4AC031-00CE-490E-9701-B1002907C716}.Debug|Any CPU.ActiveCfg = Debug|Any CPU
		{5E4AC031-00CE-490E-9701-B1002907C716}.Debug|Any CPU.Build.0 = Debug|Any CPU
		{5E4AC031-00CE-490E-9701-B1002907C716}.Release|Any CPU.ActiveCfg = Release|Any CPU
		{5E4AC031-00CE-490E-9701-B1002907C716}.Release|Any CPU.Build.0 = Release|Any CPU
		{0CD8A944-E932-4266-A24A-1D1B1DA461FB}.Debug|Any CPU.ActiveCfg = Debug|Any CPU
		{0CD8A944-E932-4266-A24A-1D1B1DA461FB}.Debug|Any CPU.Build.0 = Debug|Any CPU
		{0CD8A944-E932-4266-A24A-1D1B1DA461FB}.Release|Any CPU.ActiveCfg = Release|Any CPU
		{0CD8A944-E932-4266-A24A-1D1B1DA461FB}.Release|Any CPU.Build.0 = Release|Any CPU
		{223E0EE8-83E6-46CA-B646-59A19981AC94}.Debug|Any CPU.ActiveCfg = Debug|Any CPU
		{223E0EE8-83E6-46CA-B646-59A19981AC94}.Debug|Any CPU.Build.0 = Debug|Any CPU
		{223E0EE8-83E6-46CA-B646-59A19981AC94}.Release|Any CPU.ActiveCfg = Release|Any CPU
		{223E0EE8-83E6-46CA-B646-59A19981AC94}.Release|Any CPU.Build.0 = Release|Any CPU
		{6DD932AA-A894-41AD-907A-A4EFE7727D8B}.Debug|Any CPU.ActiveCfg = Debug|Any CPU
		{6DD932AA-A894-41AD-907A-A4EFE7727D8B}.Debug|Any CPU.Build.0 = Debug|Any CPU
		{6DD932AA-A894-41AD-907A-A4EFE7727D8B}.Release|Any CPU.ActiveCfg = Release|Any CPU
		{6DD932AA-A894-41AD-907A-A4EFE7727D8B}.Release|Any CPU.Build.0 = Release|Any CPU
		{248E12CB-20ED-4ED2-8B72-AA7805CDB657}.Debug|Any CPU.ActiveCfg = Debug|Any CPU
		{248E12CB-20ED-4ED2-8B72-AA7805CDB657}.Debug|Any CPU.Build.0 = Debug|Any CPU
		{248E12CB-20ED-4ED2-8B72-AA7805CDB657}.Release|Any CPU.ActiveCfg = Release|Any CPU
		{248E12CB-20ED-4ED2-8B72-AA7805CDB657}.Release|Any CPU.Build.0 = Release|Any CPU
	EndGlobalSection
	GlobalSection(SolutionProperties) = preSolution
		HideSolutionNode = FALSE
	EndGlobalSection
	GlobalSection(ExtensibilityGlobals) = postSolution
		SolutionGuid = {47F3983B-888B-48C0-A3B5-5B1F69353E7F}
	EndGlobalSection
EndGlobal
